
Microsoft Visual Studio Solution File, Format Version 12.00
# Visual Studio 2012
Project("{FAE04EC0-301F-11D3-BF4B-00C04F79EFBC}") = "VMFParser", "VMFParser\VMFParser.csproj", "{74567D15-3C03-42FB-82DB-06EA61D64970}"
EndProject
Global
	GlobalSection(SolutionConfigurationPlatforms) = preSolution
		Debug|Any CPU = Debug|Any CPU
		Release|Any CPU = Release|Any CPU
	EndGlobalSection
	GlobalSection(ProjectConfigurationPlatforms) = postSolution
		{74567D15-3C03-42FB-82DB-06EA61D64970}.Debug|Any CPU.ActiveCfg = Debug|Any CPU
		{74567D15-3C03-42FB-82DB-06EA61D64970}.Debug|Any CPU.Build.0 = Debug|Any CPU
		{74567D15-3C03-42FB-82DB-06EA61D64970}.Release|Any CPU.ActiveCfg = Release|Any CPU
		{74567D15-3C03-42FB-82DB-06EA61D64970}.Release|Any CPU.Build.0 = Release|Any CPU
	EndGlobalSection
	GlobalSection(SolutionProperties) = preSolution
		HideSolutionNode = FALSE
	EndGlobalSection
EndGlobal
